// !$*UTF8*$!
{
	archiveVersion = 1;
	classes = {
	};
	objectVersion = 48;
	objects = {

/* Begin PBXBuildFile section */
		B643A9F91FCDC2C900F3EE3A /* AppDelegate.swift in Sources */ = {isa = PBXBuildFile; fileRef = B643A9F81FCDC2C900F3EE3A /* AppDelegate.swift */; };
		B643AA001FCDC2C900F3EE3A /* Assets.xcassets in Resources */ = {isa = PBXBuildFile; fileRef = B643A9FF1FCDC2C900F3EE3A /* Assets.xcassets */; };
		B643AA031FCDC2C900F3EE3A /* LaunchScreen.storyboard in Resources */ = {isa = PBXBuildFile; fileRef = B643AA011FCDC2C900F3EE3A /* LaunchScreen.storyboard */; };
		B643AA0E1FCDC2CA00F3EE3A /* ios_wkwebview_demoTests.swift in Sources */ = {isa = PBXBuildFile; fileRef = B643AA0D1FCDC2CA00F3EE3A /* ios_wkwebview_demoTests.swift */; };
		B643AA1A1FCDC2EB00F3EE3A /* WebViewController.swift in Sources */ = {isa = PBXBuildFile; fileRef = B643AA191FCDC2EB00F3EE3A /* WebViewController.swift */; };
		B643AA1C1FCDC2F100F3EE3A /* WebViewController.storyboard in Resources */ = {isa = PBXBuildFile; fileRef = B643AA1B1FCDC2F100F3EE3A /* WebViewController.storyboard */; };
		B643AA1F1FCDD73E00F3EE3A /* demo.html in Resources */ = {isa = PBXBuildFile; fileRef = B643AA1E1FCDD73E00F3EE3A /* demo.html */; };
		B64FB7F6209C922D008EE9F5 /* CustomView.swift in Sources */ = {isa = PBXBuildFile; fileRef = B64FB7F5209C922D008EE9F5 /* CustomView.swift */; };
/* End PBXBuildFile section */

/* Begin PBXContainerItemProxy section */
		B643AA0A1FCDC2CA00F3EE3A /* PBXContainerItemProxy */ = {
			isa = PBXContainerItemProxy;
			containerPortal = B643A9ED1FCDC2C900F3EE3A /* Project object */;
			proxyType = 1;
			remoteGlobalIDString = B643A9F41FCDC2C900F3EE3A;
			remoteInfo = "ios-wkwebview-demo";
		};
/* End PBXContainerItemProxy section */

/* Begin PBXFileReference section */
		B643A9F51FCDC2C900F3EE3A /* ios-wkwebview-demo.app */ = {isa = PBXFileReference; explicitFileType = wrapper.application; includeInIndex = 0; path = "ios-wkwebview-demo.app"; sourceTree = BUILT_PRODUCTS_DIR; };
		B643A9F81FCDC2C900F3EE3A /* AppDelegate.swift */ = {isa = PBXFileReference; lastKnownFileType = sourcecode.swift; path = AppDelegate.swift; sourceTree = "<group>"; };
		B643A9FF1FCDC2C900F3EE3A /* Assets.xcassets */ = {isa = PBXFileReference; lastKnownFileType = folder.assetcatalog; path = Assets.xcassets; sourceTree = "<group>"; };
		B643AA021FCDC2C900F3EE3A /* Base */ = {isa = PBXFileReference; lastKnownFileType = file.storyboard; name = Base; path = Base.lproj/LaunchScreen.storyboard; sourceTree = "<group>"; };
		B643AA041FCDC2C900F3EE3A /* Info.plist */ = {isa = PBXFileReference; lastKnownFileType = text.plist.xml; path = Info.plist; sourceTree = "<group>"; };
		B643AA091FCDC2CA00F3EE3A /* ios-wkwebview-demoTests.xctest */ = {isa = PBXFileReference; explicitFileType = wrapper.cfbundle; includeInIndex = 0; path = "ios-wkwebview-demoTests.xctest"; sourceTree = BUILT_PRODUCTS_DIR; };
		B643AA0D1FCDC2CA00F3EE3A /* ios_wkwebview_demoTests.swift */ = {isa = PBXFileReference; lastKnownFileType = sourcecode.swift; path = ios_wkwebview_demoTests.swift; sourceTree = "<group>"; };
		B643AA0F1FCDC2CA00F3EE3A /* Info.plist */ = {isa = PBXFileReference; lastKnownFileType = text.plist.xml; path = Info.plist; sourceTree = "<group>"; };
		B643AA191FCDC2EB00F3EE3A /* WebViewController.swift */ = {isa = PBXFileReference; lastKnownFileType = sourcecode.swift; path = WebViewController.swift; sourceTree = "<group>"; };
		B643AA1B1FCDC2F100F3EE3A /* WebViewController.storyboard */ = {isa = PBXFileReference; lastKnownFileType = file.storyboard; path = WebViewController.storyboard; sourceTree = "<group>"; };
		B643AA1E1FCDD73E00F3EE3A /* demo.html */ = {isa = PBXFileReference; fileEncoding = 4; lastKnownFileType = text.html; path = demo.html; sourceTree = "<group>"; };
		B64FB7F5209C922D008EE9F5 /* CustomView.swift */ = {isa = PBXFileReference; lastKnownFileType = sourcecode.swift; path = CustomView.swift; sourceTree = "<group>"; };
/* End PBXFileReference section */

/* Begin PBXFrameworksBuildPhase section */
		B643A9F21FCDC2C900F3EE3A /* Frameworks */ = {
			isa = PBXFrameworksBuildPhase;
			buildActionMask = 2147483647;
			files = (
			);
			runOnlyForDeploymentPostprocessing = 0;
		};
		B643AA061FCDC2CA00F3EE3A /* Frameworks */ = {
			isa = PBXFrameworksBuildPhase;
			buildActionMask = 2147483647;
			files = (
			);
			runOnlyForDeploymentPostprocessing = 0;
		};
/* End PBXFrameworksBuildPhase section */

/* Begin PBXGroup section */
		B643A9EC1FCDC2C900F3EE3A = {
			isa = PBXGroup;
			children = (
				B643A9F71FCDC2C900F3EE3A /* ios-wkwebview-demo */,
				B643AA0C1FCDC2CA00F3EE3A /* ios-wkwebview-demoTests */,
				B643A9F61FCDC2C900F3EE3A /* Products */,
			);
			sourceTree = "<group>";
		};
		B643A9F61FCDC2C900F3EE3A /* Products */ = {
			isa = PBXGroup;
			children = (
				B643A9F51FCDC2C900F3EE3A /* ios-wkwebview-demo.app */,
				B643AA091FCDC2CA00F3EE3A /* ios-wkwebview-demoTests.xctest */,
			);
			name = Products;
			sourceTree = "<group>";
		};
		B643A9F71FCDC2C900F3EE3A /* ios-wkwebview-demo */ = {
			isa = PBXGroup;
			children = (
				B64FB7F4209C9217008EE9F5 /* Views */,
				B643AA1D1FCDD73400F3EE3A /* Others */,
				B643AA181FCDC2D200F3EE3A /* Controllers */,
			);
			path = "ios-wkwebview-demo";
			sourceTree = "<group>";
		};
		B643AA0C1FCDC2CA00F3EE3A /* ios-wkwebview-demoTests */ = {
			isa = PBXGroup;
			children = (
				B643AA0D1FCDC2CA00F3EE3A /* ios_wkwebview_demoTests.swift */,
				B643AA0F1FCDC2CA00F3EE3A /* Info.plist */,
			);
			path = "ios-wkwebview-demoTests";
			sourceTree = "<group>";
		};
		B643AA181FCDC2D200F3EE3A /* Controllers */ = {
			isa = PBXGroup;
			children = (
				B643AA191FCDC2EB00F3EE3A /* WebViewController.swift */,
				B643AA1B1FCDC2F100F3EE3A /* WebViewController.storyboard */,
				B643AA011FCDC2C900F3EE3A /* LaunchScreen.storyboard */,
			);
			path = Controllers;
			sourceTree = "<group>";
		};
		B643AA1D1FCDD73400F3EE3A /* Others */ = {
			isa = PBXGroup;
			children = (
				B643AA1E1FCDD73E00F3EE3A /* demo.html */,
				B643A9F81FCDC2C900F3EE3A /* AppDelegate.swift */,
				B643A9FF1FCDC2C900F3EE3A /* Assets.xcassets */,
				B643AA041FCDC2C900F3EE3A /* Info.plist */,
			);
			path = Others;
			sourceTree = "<group>";
		};
		B64FB7F4209C9217008EE9F5 /* Views */ = {
			isa = PBXGroup;
			children = (
				B64FB7F5209C922D008EE9F5 /* CustomView.swift */,
			);
			path = Views;
			sourceTree = "<group>";
		};
/* End PBXGroup section */

/* Begin PBXNativeTarget section */
		B643A9F41FCDC2C900F3EE3A /* ios-wkwebview-demo */ = {
			isa = PBXNativeTarget;
			buildConfigurationList = B643AA121FCDC2CA00F3EE3A /* Build configuration list for PBXNativeTarget "ios-wkwebview-demo" */;
			buildPhases = (
				B643A9F11FCDC2C900F3EE3A /* Sources */,
				B643A9F21FCDC2C900F3EE3A /* Frameworks */,
				B643A9F31FCDC2C900F3EE3A /* Resources */,
			);
			buildRules = (
			);
			dependencies = (
			);
			name = "ios-wkwebview-demo";
			productName = "ios-wkwebview-demo";
			productReference = B643A9F51FCDC2C900F3EE3A /* ios-wkwebview-demo.app */;
			productType = "com.apple.product-type.application";
		};
		B643AA081FCDC2CA00F3EE3A /* ios-wkwebview-demoTests */ = {
			isa = PBXNativeTarget;
			buildConfigurationList = B643AA151FCDC2CA00F3EE3A /* Build configuration list for PBXNativeTarget "ios-wkwebview-demoTests" */;
			buildPhases = (
				B643AA051FCDC2CA00F3EE3A /* Sources */,
				B643AA061FCDC2CA00F3EE3A /* Frameworks */,
				B643AA071FCDC2CA00F3EE3A /* Resources */,
			);
			buildRules = (
			);
			dependencies = (
				B643AA0B1FCDC2CA00F3EE3A /* PBXTargetDependency */,
			);
			name = "ios-wkwebview-demoTests";
			productName = "ios-wkwebview-demoTests";
			productReference = B643AA091FCDC2CA00F3EE3A /* ios-wkwebview-demoTests.xctest */;
			productType = "com.apple.product-type.bundle.unit-test";
		};
/* End PBXNativeTarget section */

/* Begin PBXProject section */
		B643A9ED1FCDC2C900F3EE3A /* Project object */ = {
			isa = PBXProject;
			attributes = {
				LastSwiftUpdateCheck = 0910;
				LastUpgradeCheck = 0910;
				ORGANIZATIONNAME = OkuderaYuki;
				TargetAttributes = {
					B643A9F41FCDC2C900F3EE3A = {
						CreatedOnToolsVersion = 9.1;
						ProvisioningStyle = Automatic;
					};
					B643AA081FCDC2CA00F3EE3A = {
						CreatedOnToolsVersion = 9.1;
						ProvisioningStyle = Automatic;
						TestTargetID = B643A9F41FCDC2C900F3EE3A;
					};
				};
			};
			buildConfigurationList = B643A9F01FCDC2C900F3EE3A /* Build configuration list for PBXProject "ios-wkwebview-demo" */;
			compatibilityVersion = "Xcode 8.0";
			developmentRegion = en;
			hasScannedForEncodings = 0;
			knownRegions = (
				en,
				Base,
			);
			mainGroup = B643A9EC1FCDC2C900F3EE3A;
			productRefGroup = B643A9F61FCDC2C900F3EE3A /* Products */;
			projectDirPath = "";
			projectRoot = "";
			targets = (
				B643A9F41FCDC2C900F3EE3A /* ios-wkwebview-demo */,
				B643AA081FCDC2CA00F3EE3A /* ios-wkwebview-demoTests */,
			);
		};
/* End PBXProject section */

/* Begin PBXResourcesBuildPhase section */
		B643A9F31FCDC2C900F3EE3A /* Resources */ = {
			isa = PBXResourcesBuildPhase;
			buildActionMask = 2147483647;
			files = (
				B643AA1F1FCDD73E00F3EE3A /* demo.html in Resources */,
				B643AA1C1FCDC2F100F3EE3A /* WebViewController.storyboard in Resources */,
				B643AA031FCDC2C900F3EE3A /* LaunchScreen.storyboard in Resources */,
				B643AA001FCDC2C900F3EE3A /* Assets.xcassets in Resources */,
			);
			runOnlyForDeploymentPostprocessing = 0;
		};
		B643AA071FCDC2CA00F3EE3A /* Resources */ = {
			isa = PBXResourcesBuildPhase;
			buildActionMask = 2147483647;
			files = (
			);
			runOnlyForDeploymentPostprocessing = 0;
		};
/* End PBXResourcesBuildPhase section */

/* Begin PBXSourcesBuildPhase section */
		B643A9F11FCDC2C900F3EE3A /* Sources */ = {
			isa = PBXSourcesBuildPhase;
			buildActionMask = 2147483647;
			files = (
				B64FB7F6209C922D008EE9F5 /* CustomView.swift in Sources */,
				B643AA1A1FCDC2EB00F3EE3A /* WebViewController.swift in Sources */,
				B643A9F91FCDC2C900F3EE3A /* AppDelegate.swift in Sources */,
			);
			runOnlyForDeploymentPostprocessing = 0;
		};
		B643AA051FCDC2CA00F3EE3A /* Sources */ = {
			isa = PBXSourcesBuildPhase;
			buildActionMask = 2147483647;
			files = (
				B643AA0E1FCDC2CA00F3EE3A /* ios_wkwebview_demoTests.swift in Sources */,
			);
			runOnlyForDeploymentPostprocessing = 0;
		};
/* End PBXSourcesBuildPhase section */

/* Begin PBXTargetDependency section */
		B643AA0B1FCDC2CA00F3EE3A /* PBXTargetDependency */ = {
			isa = PBXTargetDependency;
			target = B643A9F41FCDC2C900F3EE3A /* ios-wkwebview-demo */;
			targetProxy = B643AA0A1FCDC2CA00F3EE3A /* PBXContainerItemProxy */;
		};
/* End PBXTargetDependency section */

/* Begin PBXVariantGroup section */
		B643AA011FCDC2C900F3EE3A /* LaunchScreen.storyboard */ = {
			isa = PBXVariantGroup;
			children = (
				B643AA021FCDC2C900F3EE3A /* Base */,
			);
			name = LaunchScreen.storyboard;
			sourceTree = "<group>";
		};
/* End PBXVariantGroup section */

/* Begin XCBuildConfiguration section */
		B643AA101FCDC2CA00F3EE3A /* Debug */ = {
			isa = XCBuildConfiguration;
			buildSettings = {
				ALWAYS_SEARCH_USER_PATHS = NO;
				CLANG_ANALYZER_NONNULL = YES;
				CLANG_ANALYZER_NUMBER_OBJECT_CONVERSION = YES_AGGRESSIVE;
				CLANG_CXX_LANGUAGE_STANDARD = "gnu++14";
				CLANG_CXX_LIBRARY = "libc++";
				CLANG_ENABLE_MODULES = YES;
				CLANG_ENABLE_OBJC_ARC = YES;
				CLANG_WARN_BLOCK_CAPTURE_AUTORELEASING = YES;
				CLANG_WARN_BOOL_CONVERSION = YES;
				CLANG_WARN_COMMA = YES;
				CLANG_WARN_CONSTANT_CONVERSION = YES;
				CLANG_WARN_DIRECT_OBJC_ISA_USAGE = YES_ERROR;
				CLANG_WARN_DOCUMENTATION_COMMENTS = YES;
				CLANG_WARN_EMPTY_BODY = YES;
				CLANG_WARN_ENUM_CONVERSION = YES;
				CLANG_WARN_INFINITE_RECURSION = YES;
				CLANG_WARN_INT_CONVERSION = YES;
				CLANG_WARN_NON_LITERAL_NULL_CONVERSION = YES;
				CLANG_WARN_OBJC_LITERAL_CONVERSION = YES;
				CLANG_WARN_OBJC_ROOT_CLASS = YES_ERROR;
				CLANG_WARN_RANGE_LOOP_ANALYSIS = YES;
				CLANG_WARN_STRICT_PROTOTYPES = YES;
				CLANG_WARN_SUSPICIOUS_MOVE = YES;
				CLANG_WARN_UNGUARDED_AVAILABILITY = YES_AGGRESSIVE;
				CLANG_WARN_UNREACHABLE_CODE = YES;
				CLANG_WARN__DUPLICATE_METHOD_MATCH = YES;
				CODE_SIGN_IDENTITY = "iPhone Developer";
				COPY_PHASE_STRIP = NO;
				DEBUG_INFORMATION_FORMAT = dwarf;
				ENABLE_STRICT_OBJC_MSGSEND = YES;
				ENABLE_TESTABILITY = YES;
				GCC_C_LANGUAGE_STANDARD = gnu11;
				GCC_DYNAMIC_NO_PIC = NO;
				GCC_NO_COMMON_BLOCKS = YES;
				GCC_OPTIMIZATION_LEVEL = 0;
				GCC_PREPROCESSOR_DEFINITIONS = (
					"DEBUG=1",
					"$(inherited)",
				);
				GCC_WARN_64_TO_32_BIT_CONVERSION = YES;
				GCC_WARN_ABOUT_RETURN_TYPE = YES_ERROR;
				GCC_WARN_UNDECLARED_SELECTOR = YES;
				GCC_WARN_UNINITIALIZED_AUTOS = YES_AGGRESSIVE;
				GCC_WARN_UNUSED_FUNCTION = YES;
				GCC_WARN_UNUSED_VARIABLE = YES;
				IPHONEOS_DEPLOYMENT_TARGET = 11.1;
				MTL_ENABLE_DEBUG_INFO = YES;
				ONLY_ACTIVE_ARCH = YES;
				SDKROOT = iphoneos;
				SWIFT_ACTIVE_COMPILATION_CONDITIONS = DEBUG;
				SWIFT_OPTIMIZATION_LEVEL = "-Onone";
			};
			name = Debug;
		};
		B643AA111FCDC2CA00F3EE3A /* Release */ = {
			isa = XCBuildConfiguration;
			buildSettings = {
				ALWAYS_SEARCH_USER_PATHS = NO;
				CLANG_ANALYZER_NONNULL = YES;
				CLANG_ANALYZER_NUMBER_OBJECT_CONVERSION = YES_AGGRESSIVE;
				CLANG_CXX_LANGUAGE_STANDARD = "gnu++14";
				CLANG_CXX_LIBRARY = "libc++";
				CLANG_ENABLE_MODULES = YES;
				CLANG_ENABLE_OBJC_ARC = YES;
				CLANG_WARN_BLOCK_CAPTURE_AUTORELEASING = YES;
				CLANG_WARN_BOOL_CONVERSION = YES;
				CLANG_WARN_COMMA = YES;
				CLANG_WARN_CONSTANT_CONVERSION = YES;
				CLANG_WARN_DIRECT_OBJC_ISA_USAGE = YES_ERROR;
				CLANG_WARN_DOCUMENTATION_COMMENTS = YES;
				CLANG_WARN_EMPTY_BODY = YES;
				CLANG_WARN_ENUM_CONVERSION = YES;
				CLANG_WARN_INFINITE_RECURSION = YES;
				CLANG_WARN_INT_CONVERSION = YES;
				CLANG_WARN_NON_LITERAL_NULL_CONVERSION = YES;
				CLANG_WARN_OBJC_LITERAL_CONVERSION = YES;
				CLANG_WARN_OBJC_ROOT_CLASS = YES_ERROR;
				CLANG_WARN_RANGE_LOOP_ANALYSIS = YES;
				CLANG_WARN_STRICT_PROTOTYPES = YES;
				CLANG_WARN_SUSPICIOUS_MOVE = YES;
				CLANG_WARN_UNGUARDED_AVAILABILITY = YES_AGGRESSIVE;
				CLANG_WARN_UNREACHABLE_CODE = YES;
				CLANG_WARN__DUPLICATE_METHOD_MATCH = YES;
				CODE_SIGN_IDENTITY = "iPhone Developer";
				COPY_PHASE_STRIP = NO;
				DEBUG_INFORMATION_FORMAT = "dwarf-with-dsym";
				ENABLE_NS_ASSERTIONS = NO;
				ENABLE_STRICT_OBJC_MSGSEND = YES;
				GCC_C_LANGUAGE_STANDARD = gnu11;
				GCC_NO_COMMON_BLOCKS = YES;
				GCC_WARN_64_TO_32_BIT_CONVERSION = YES;
				GCC_WARN_ABOUT_RETURN_TYPE = YES_ERROR;
				GCC_WARN_UNDECLARED_SELECTOR = YES;
				GCC_WARN_UNINITIALIZED_AUTOS = YES_AGGRESSIVE;
				GCC_WARN_UNUSED_FUNCTION = YES;
				GCC_WARN_UNUSED_VARIABLE = YES;
				IPHONEOS_DEPLOYMENT_TARGET = 11.1;
				MTL_ENABLE_DEBUG_INFO = NO;
				SDKROOT = iphoneos;
				SWIFT_OPTIMIZATION_LEVEL = "-Owholemodule";
				VALIDATE_PRODUCT = YES;
			};
			name = Release;
		};
		B643AA131FCDC2CA00F3EE3A /* Debug */ = {
			isa = XCBuildConfiguration;
			buildSettings = {
				ASSETCATALOG_COMPILER_APPICON_NAME = AppIcon;
				CODE_SIGN_STYLE = Automatic;
				DEVELOPMENT_TEAM = PCCZJUYRT6;
				INFOPLIST_FILE = "$(SRCROOT)/ios-wkwebview-demo/Others/Info.plist";
				IPHONEOS_DEPLOYMENT_TARGET = 10.0;
				LD_RUNPATH_SEARCH_PATHS = "$(inherited) @executable_path/Frameworks";
				PRODUCT_BUNDLE_IDENTIFIER = "jp.st-ventures.ios-wkwebview-demo";
				PRODUCT_NAME = "$(TARGET_NAME)";
				SWIFT_VERSION = 4.0;
				TARGETED_DEVICE_FAMILY = "1,2";
			};
			name = Debug;
		};
		B643AA141FCDC2CA00F3EE3A /* Release */ = {
			isa = XCBuildConfiguration;
			buildSettings = {
				ASSETCATALOG_COMPILER_APPICON_NAME = AppIcon;
				CODE_SIGN_STYLE = Automatic;
				DEVELOPMENT_TEAM = PCCZJUYRT6;
				INFOPLIST_FILE = "$(SRCROOT)/ios-wkwebview-demo/Others/Info.plist";
				IPHONEOS_DEPLOYMENT_TARGET = 10.0;
				LD_RUNPATH_SEARCH_PATHS = "$(inherited) @executable_path/Frameworks";
				PRODUCT_BUNDLE_IDENTIFIER = "jp.st-ventures.ios-wkwebview-demo";
				PRODUCT_NAME = "$(TARGET_NAME)";
				SWIFT_VERSION = 4.0;
				TARGETED_DEVICE_FAMILY = "1,2";
			};
			name = Release;
		};
		B643AA161FCDC2CA00F3EE3A /* Debug */ = {
			isa = XCBuildConfiguration;
			buildSettings = {
				ALWAYS_EMBED_SWIFT_STANDARD_LIBRARIES = YES;
				BUNDLE_LOADER = "$(TEST_HOST)";
				CODE_SIGN_STYLE = Automatic;
				DEVELOPMENT_TEAM = PCCZJUYRT6;
				INFOPLIST_FILE = "ios-wkwebview-demoTests/Info.plist";
				LD_RUNPATH_SEARCH_PATHS = "$(inherited) @executable_path/Frameworks @loader_path/Frameworks";
				PRODUCT_BUNDLE_IDENTIFIER = "jp.st-ventures.ios-wkwebview-demoTests";
				PRODUCT_NAME = "$(TARGET_NAME)";
				SWIFT_VERSION = 4.0;
				TARGETED_DEVICE_FAMILY = "1,2";
				TEST_HOST = "$(BUILT_PRODUCTS_DIR)/ios-wkwebview-demo.app/ios-wkwebview-demo";
			};
			name = Debug;
		};
		B643AA171FCDC2CA00F3EE3A /* Release */ = {
			isa = XCBuildConfiguration;
			buildSettings = {
				ALWAYS_EMBED_SWIFT_STANDARD_LIBRARIES = YES;
				BUNDLE_LOADER = "$(TEST_HOST)";
				CODE_SIGN_STYLE = Automatic;
				DEVELOPMENT_TEAM = PCCZJUYRT6;
				INFOPLIST_FILE = "ios-wkwebview-demoTests/Info.plist";
				LD_RUNPATH_SEARCH_PATHS = "$(inherited) @executable_path/Frameworks @loader_path/Frameworks";
				PRODUCT_BUNDLE_IDENTIFIER = "jp.st-ventures.ios-wkwebview-demoTests";
				PRODUCT_NAME = "$(TARGET_NAME)";
				SWIFT_VERSION = 4.0;
				TARGETED_DEVICE_FAMILY = "1,2";
				TEST_HOST = "$(BUILT_PRODUCTS_DIR)/ios-wkwebview-demo.app/ios-wkwebview-demo";
			};
			name = Release;
		};
/* End XCBuildConfiguration section */

/* Begin XCConfigurationList section */
		B643A9F01FCDC2C900F3EE3A /* Build configuration list for PBXProject "ios-wkwebview-demo" */ = {
			isa = XCConfigurationList;
			buildConfigurations = (
				B643AA101FCDC2CA00F3EE3A /* Debug */,
				B643AA111FCDC2CA00F3EE3A /* Release */,
			);
			defaultConfigurationIsVisible = 0;
			defaultConfigurationName = Release;
		};
		B643AA121FCDC2CA00F3EE3A /* Build configuration list for PBXNativeTarget "ios-wkwebview-demo" */ = {
			isa = XCConfigurationList;
			buildConfigurations = (
				B643AA131FCDC2CA00F3EE3A /* Debug */,
				B643AA141FCDC2CA00F3EE3A /* Release */,
			);
			defaultConfigurationIsVisible = 0;
			defaultConfigurationName = Release;
		};
		B643AA151FCDC2CA00F3EE3A /* Build configuration list for PBXNativeTarget "ios-wkwebview-demoTests" */ = {
			isa = XCConfigurationList;
			buildConfigurations = (
				B643AA161FCDC2CA00F3EE3A /* Debug */,
				B643AA171FCDC2CA00F3EE3A /* Release */,
			);
			defaultConfigurationIsVisible = 0;
			defaultConfigurationName = Release;
		};
/* End XCConfigurationList section */
	};
	rootObject = B643A9ED1FCDC2C900F3EE3A /* Project object */;
}
